{
  "nodes": {
    "declarative-cachix": {
      "locked": {
        "lastModified": 1644208524,
        "narHash": "sha256-BW43hqKBxNNMrgUnn6D53useE8f4/yz66bvCzwUbueQ=",
        "owner": "jonascarpay",
        "repo": "declarative-cachix",
        "rev": "b63e9cb0d0962656d08fb4668a5b6b1ba1ca5648",
        "type": "github"
      },
      "original": {
        "owner": "jonascarpay",
        "repo": "declarative-cachix",
        "type": "github"
      }
    },
    "emacs-overlay": {
      "locked": {
        "lastModified": 1645526083,
        "narHash": "sha256-tBOBVul7koFZS0ufsjx8ZdBo609weXiOVQsTNWVfWes=",
        "owner": "nix-community",
        "repo": "emacs-overlay",
        "rev": "7986d56ac7869d26878b3ea45341b0e0523cd65b",
        "type": "github"
      },
      "original": {
        "owner": "nix-community",
        "repo": "emacs-overlay",
        "type": "github"
      }
    },
    "home-manager": {
      "inputs": {
        "nixpkgs": [
          "nixpkgs"
        ]
      },
      "locked": {
        "lastModified": 1645479152,
        "narHash": "sha256-8au2xAPSi3yGQBaVrYUpMY30lY9tMuNn7UMAHL7NJtw=",
        "owner": "nix-community",
        "repo": "home-manager",
        "rev": "69536af27e86a9fc875d71cb9566ccccf47b5b60",
        "type": "github"
      },
      "original": {
        "owner": "nix-community",
        "repo": "home-manager",
        "type": "github"
      }
    },
    "nixgl": {
      "locked": {
        "lastModified": 1644013836,
        "narHash": "sha256-8J6HqBr8+JlZzjyMV8FrCS6ZI6rHo1pTMPilSBf6TaE=",
        "owner": "guibou",
        "repo": "nixGL",
        "rev": "17658df1e17a64bc23ee5c93cfa9e8b663a4ac81",
        "type": "github"
      },
      "original": {
        "owner": "guibou",
        "repo": "nixGL",
        "type": "github"
      }
    },
    "nixpkgs": {
      "locked": {
        "lastModified": 1645493675,
        "narHash": "sha256-9xundbZQbhFodsQRh6QMN1GeSXfo3y/5NL0CZcJULz0=",
        "owner": "nixos",
        "repo": "nixpkgs",
        "rev": "74b10859829153d5c5d50f7c77b86763759e8654",
        "type": "github"
      },
      "original": {
        "owner": "nixos",
        "ref": "nixpkgs-unstable",
        "repo": "nixpkgs",
        "type": "github"
      }
    },
    "nur": {
      "locked": {
        "lastModified": 1645502863,
        "narHash": "sha256-F0JeK2glt7CGA1fYK/XK9G17OjroAL68KfWtAIZQo3k=",
        "owner": "nix-community",
        "repo": "NUR",
        "rev": "8a431ecc06e1aeb278af882d1efa5a15ce32f898",
        "type": "github"
      },
      "original": {
        "owner": "nix-community",
        "repo": "NUR",
        "type": "github"
      }
    },
    "root": {
      "inputs": {
        "declarative-cachix": "declarative-cachix",
        "emacs-overlay": "emacs-overlay",
        "home-manager": "home-manager",
        "nixgl": "nixgl",
        "nixpkgs": "nixpkgs",
        "nur": "nur"
      }
    }
  },
  "root": "root",
  "version": 7
}
