{
  "nodes": {
    "home-manager": {
      "inputs": {
        "nixpkgs": [
          "nixpkgs"
        ]
      },
      "locked": {
        "lastModified": 1644346464,
        "narHash": "sha256-hS8hwbr/PflMIfTWTmB7Xo5jIrsWhSAqtz5XXxPa0zQ=",
        "owner": "nix-community",
        "repo": "home-manager",
        "rev": "e2aa1f598674aa9c06f28f5db60b89f37f1e961b",
        "type": "github"
      },
      "original": {
        "owner": "nix-community",
        "repo": "home-manager",
        "type": "github"
      }
    },
    "nixgl": {
      "locked": {
        "lastModified": 1644013836,
        "narHash": "sha256-8J6HqBr8+JlZzjyMV8FrCS6ZI6rHo1pTMPilSBf6TaE=",
        "owner": "guibou",
        "repo": "nixGL",
        "rev": "17658df1e17a64bc23ee5c93cfa9e8b663a4ac81",
        "type": "github"
      },
      "original": {
        "owner": "guibou",
        "repo": "nixGL",
        "type": "github"
      }
    },
    "nixpkgs": {
      "locked": {
        "lastModified": 1644420267,
        "narHash": "sha256-rFJuctggkjM412OC6OGPdXogFp7czGDW05ueWqpJbj8=",
        "owner": "nixos",
        "repo": "nixpkgs",
        "rev": "98bb5b77c8c6666824a4c13d23befa1e07210ef1",
        "type": "github"
      },
      "original": {
        "owner": "nixos",
        "ref": "nixpkgs-unstable",
        "repo": "nixpkgs",
        "type": "github"
      }
    },
    "nur": {
      "locked": {
        "lastModified": 1644466173,
        "narHash": "sha256-W7qvzEHciKO6Vj+qqLSCgYEmV+g4/U2zlmyHFUrtOG4=",
        "owner": "nix-community",
        "repo": "NUR",
        "rev": "698e512e9702f578c5519797979c583394148332",
        "type": "github"
      },
      "original": {
        "owner": "nix-community",
        "repo": "NUR",
        "type": "github"
      }
    },
    "root": {
      "inputs": {
        "home-manager": "home-manager",
        "nixgl": "nixgl",
        "nixpkgs": "nixpkgs",
        "nur": "nur"
      }
    }
  },
  "root": "root",
  "version": 7
}
